
Microsoft Visual Studio Solution File, Format Version 12.00
# Visual Studio Version 17
VisualStudioVersion = 17.8.34511.84
MinimumVisualStudioVersion = 10.0.40219.1
Project("{FAE04EC0-301F-11D3-BF4B-00C04F79EFBC}") = "ElasticSerilog", "ElasticSerilog.csproj", "{CC7037C0-B692-4D61-81CA-8225E767D253}"
EndProject
Project("{FAE04EC0-301F-11D3-BF4B-00C04F79EFBC}") = "Infrastructure", "..\Infrastructure\Infrastructure.csproj", "{FCCCB807-8EA1-4007-B79E-68F6CB42E3ED}"
EndProject
Global
	GlobalSection(SolutionConfigurationPlatforms) = preSolution
		Debug|Any CPU = Debug|Any CPU
		Release|Any CPU = Release|Any CPU
	EndGlobalSection
	GlobalSection(ProjectConfigurationPlatforms) = postSolution
		{CC7037C0-B692-4D61-81CA-8225E767D253}.Debug|Any CPU.ActiveCfg = Debug|Any CPU
		{CC7037C0-B692-4D61-81CA-8225E767D253}.Debug|Any CPU.Build.0 = Debug|Any CPU
		{CC7037C0-B692-4D61-81CA-8225E767D253}.Release|Any CPU.ActiveCfg = Release|Any CPU
		{CC7037C0-B692-4D61-81CA-8225E767D253}.Release|Any CPU.Build.0 = Release|Any CPU
		{FCCCB807-8EA1-4007-B79E-68F6CB42E3ED}.Debug|Any CPU.ActiveCfg = Debug|Any CPU
		{FCCCB807-8EA1-4007-B79E-68F6CB42E3ED}.Debug|Any CPU.Build.0 = Debug|Any CPU
		{FCCCB807-8EA1-4007-B79E-68F6CB42E3ED}.Release|Any CPU.ActiveCfg = Release|Any CPU
		{FCCCB807-8EA1-4007-B79E-68F6CB42E3ED}.Release|Any CPU.Build.0 = Release|Any CPU
	EndGlobalSection
	GlobalSection(SolutionProperties) = preSolution
		HideSolutionNode = FALSE
	EndGlobalSection
	GlobalSection(ExtensibilityGlobals) = postSolution
		SolutionGuid = {64418AA0-1265-4E38-BF1A-A91CBEA01D78}
	EndGlobalSection
EndGlobal
